
Microsoft Visual Studio Solution File, Format Version 12.00
# Visual Studio Version 17
VisualStudioVersion = 17.9.34902.65
MinimumVisualStudioVersion = 10.0.40219.1
Project("{2150E333-8FDC-42A3-9474-1A3956D46DE8}") = "Services", "Services", "{C513AD6A-DC84-4572-B6D0-9D16D982D567}"
EndProject
Project("{2150E333-8FDC-42A3-9474-1A3956D46DE8}") = "Catalog", "Catalog", "{B1776103-3E88-40F1-A5BF-C5A64AC0CF87}"
EndProject
Project("{FAE04EC0-301F-11D3-BF4B-00C04F79EFBC}") = "StoreApp.Catalog", "Services\Catalog\StoreApp.Catalog\StoreApp.Catalog.csproj", "{B0BBB538-B4A9-433D-B1E9-6AF4A773115D}"
EndProject
Global
	GlobalSection(SolutionConfigurationPlatforms) = preSolution
		Debug|Any CPU = Debug|Any CPU
		Release|Any CPU = Release|Any CPU
	EndGlobalSection
	GlobalSection(ProjectConfigurationPlatforms) = postSolution
		{B0BBB538-B4A9-433D-B1E9-6AF4A773115D}.Debug|Any CPU.ActiveCfg = Debug|Any CPU
		{B0BBB538-B4A9-433D-B1E9-6AF4A773115D}.Debug|Any CPU.Build.0 = Debug|Any CPU
		{B0BBB538-B4A9-433D-B1E9-6AF4A773115D}.Release|Any CPU.ActiveCfg = Release|Any CPU
		{B0BBB538-B4A9-433D-B1E9-6AF4A773115D}.Release|Any CPU.Build.0 = Release|Any CPU
	EndGlobalSection
	GlobalSection(SolutionProperties) = preSolution
		HideSolutionNode = FALSE
	EndGlobalSection
	GlobalSection(NestedProjects) = preSolution
		{B1776103-3E88-40F1-A5BF-C5A64AC0CF87} = {C513AD6A-DC84-4572-B6D0-9D16D982D567}
		{B0BBB538-B4A9-433D-B1E9-6AF4A773115D} = {B1776103-3E88-40F1-A5BF-C5A64AC0CF87}
	EndGlobalSection
	GlobalSection(ExtensibilityGlobals) = postSolution
		SolutionGuid = {11B06A45-82B2-4D3C-9ADD-9AFC6A0FB26F}
	EndGlobalSection
EndGlobal
